
Microsoft Visual Studio Solution File, Format Version 12.00
# Visual Studio Version 17
VisualStudioVersion = 17.7.34031.279
MinimumVisualStudioVersion = 10.0.40219.1
Project("{9A19103F-16F7-4668-BE54-9A1E7A4F7556}") = "MH.Test.LinkShortner.WebAPIs", "MH.Test.LinkShortner.WebAPIs\MH.Test.LinkShortner.WebAPIs.csproj", "{9EAC823F-EC51-4C91-93E3-D1D735C18B5C}"
EndProject
Project("{54A90642-561A-4BB1-A94E-469ADEE60C69}") = "MH.Test.LinkShortner.UI", "MH.Test.LinkShortner.UI\MH.Test.LinkShortner.UI.esproj", "{3AA4D58E-1A2E-440C-BCB5-6E54849EB67E}"
	ProjectSection(ProjectDependencies) = postProject
		{9EAC823F-EC51-4C91-93E3-D1D735C18B5C} = {9EAC823F-EC51-4C91-93E3-D1D735C18B5C}
	EndProjectSection
EndProject
Global
	GlobalSection(SolutionConfigurationPlatforms) = preSolution
		Debug|Any CPU = Debug|Any CPU
		Release|Any CPU = Release|Any CPU
	EndGlobalSection
	GlobalSection(ProjectConfigurationPlatforms) = postSolution
		{9EAC823F-EC51-4C91-93E3-D1D735C18B5C}.Debug|Any CPU.ActiveCfg = Debug|Any CPU
		{9EAC823F-EC51-4C91-93E3-D1D735C18B5C}.Debug|Any CPU.Build.0 = Debug|Any CPU
		{9EAC823F-EC51-4C91-93E3-D1D735C18B5C}.Release|Any CPU.ActiveCfg = Release|Any CPU
		{9EAC823F-EC51-4C91-93E3-D1D735C18B5C}.Release|Any CPU.Build.0 = Release|Any CPU
		{3AA4D58E-1A2E-440C-BCB5-6E54849EB67E}.Debug|Any CPU.ActiveCfg = Debug|Any CPU
		{3AA4D58E-1A2E-440C-BCB5-6E54849EB67E}.Debug|Any CPU.Build.0 = Debug|Any CPU
		{3AA4D58E-1A2E-440C-BCB5-6E54849EB67E}.Debug|Any CPU.Deploy.0 = Debug|Any CPU
		{3AA4D58E-1A2E-440C-BCB5-6E54849EB67E}.Release|Any CPU.ActiveCfg = Release|Any CPU
		{3AA4D58E-1A2E-440C-BCB5-6E54849EB67E}.Release|Any CPU.Build.0 = Release|Any CPU
		{3AA4D58E-1A2E-440C-BCB5-6E54849EB67E}.Release|Any CPU.Deploy.0 = Release|Any CPU
	EndGlobalSection
	GlobalSection(SolutionProperties) = preSolution
		HideSolutionNode = FALSE
	EndGlobalSection
	GlobalSection(ExtensibilityGlobals) = postSolution
		SolutionGuid = {64718E9A-922A-4851-94FA-DFFD26E428D4}
	EndGlobalSection
EndGlobal
